{
  "name": "yarn-inc",
  "lockfileVersion": 2,
  "requires": true,
  "packages": {
    "": {
      "dependencies": {
        "open-color": "^1.9.1",
        "tinycolor2": "^1.4.2"
      }
    },
    "node_modules/open-color": {
      "version": "1.9.1",
      "resolved": "https://registry.npmjs.org/open-color/-/open-color-1.9.1.tgz",
      "integrity": "sha512-vCseG/EQ6/RcvxhUcGJiHViOgrtz4x0XbZepXvKik66TMGkvbmjeJrKFyBEx6daG5rNyyd14zYXhz0hZVwQFOw=="
    },
    "node_modules/tinycolor2": {
      "version": "1.4.2",
      "resolved": "https://registry.npmjs.org/tinycolor2/-/tinycolor2-1.4.2.tgz",
      "integrity": "sha512-vJhccZPs965sV/L2sU4oRQVAos0pQXwsvTLkWYdqJ+a8Q5kPFzJTuOFwy7UniPli44NKQGAglksjvOcpo95aZA==",
      "engines": {
        "node": "*"
      }
    }
  },
  "dependencies": {
    "open-color": {
      "version": "1.9.1",
      "resolved": "https://registry.npmjs.org/open-color/-/open-color-1.9.1.tgz",
      "integrity": "sha512-vCseG/EQ6/RcvxhUcGJiHViOgrtz4x0XbZepXvKik66TMGkvbmjeJrKFyBEx6daG5rNyyd14zYXhz0hZVwQFOw=="
    },
    "tinycolor2": {
      "version": "1.4.2",
      "resolved": "https://registry.npmjs.org/tinycolor2/-/tinycolor2-1.4.2.tgz",
      "integrity": "sha512-vJhccZPs965sV/L2sU4oRQVAos0pQXwsvTLkWYdqJ+a8Q5kPFzJTuOFwy7UniPli44NKQGAglksjvOcpo95aZA=="
    }
  }
}
